
Microsoft Visual Studio Solution File, Format Version 12.00
# Visual Studio Version 17
VisualStudioVersion = 17.8.34525.116
MinimumVisualStudioVersion = 10.0.40219.1
Project("{9A19103F-16F7-4668-BE54-9A1E7A4F7556}") = "Challenge.API", "Challenge.API\Challenge.API.csproj", "{70103691-B99D-4A75-89AB-D90B21659B6F}"
EndProject
Project("{9A19103F-16F7-4668-BE54-9A1E7A4F7556}") = "Challenge.Application", "Challenge.Application\Challenge.Application.csproj", "{30770CEF-3F8C-4EAD-8DC4-C81F46772401}"
EndProject
Project("{9A19103F-16F7-4668-BE54-9A1E7A4F7556}") = "Challenge.Repository", "Challenge.Repository\Challenge.Repository.csproj", "{1BB17517-37AE-4540-BCCF-4638C35AB5E1}"
EndProject
Project("{9A19103F-16F7-4668-BE54-9A1E7A4F7556}") = "Challenge.Common", "Challenge.Common\Challenge.Common.csproj", "{17752CBE-1827-4D4E-A3C4-802E46BC2662}"
EndProject
Project("{FAE04EC0-301F-11D3-BF4B-00C04F79EFBC}") = "Challenge.Test", "Challenge.Test\Challenge.Test.csproj", "{1019AC27-1628-4ED5-B8A9-1A484DBFA380}"
EndProject
Global
	GlobalSection(SolutionConfigurationPlatforms) = preSolution
		Debug|Any CPU = Debug|Any CPU
		Release|Any CPU = Release|Any CPU
	EndGlobalSection
	GlobalSection(ProjectConfigurationPlatforms) = postSolution
		{70103691-B99D-4A75-89AB-D90B21659B6F}.Debug|Any CPU.ActiveCfg = Debug|Any CPU
		{70103691-B99D-4A75-89AB-D90B21659B6F}.Debug|Any CPU.Build.0 = Debug|Any CPU
		{70103691-B99D-4A75-89AB-D90B21659B6F}.Release|Any CPU.ActiveCfg = Release|Any CPU
		{70103691-B99D-4A75-89AB-D90B21659B6F}.Release|Any CPU.Build.0 = Release|Any CPU
		{30770CEF-3F8C-4EAD-8DC4-C81F46772401}.Debug|Any CPU.ActiveCfg = Debug|Any CPU
		{30770CEF-3F8C-4EAD-8DC4-C81F46772401}.Debug|Any CPU.Build.0 = Debug|Any CPU
		{30770CEF-3F8C-4EAD-8DC4-C81F46772401}.Release|Any CPU.ActiveCfg = Release|Any CPU
		{30770CEF-3F8C-4EAD-8DC4-C81F46772401}.Release|Any CPU.Build.0 = Release|Any CPU
		{1BB17517-37AE-4540-BCCF-4638C35AB5E1}.Debug|Any CPU.ActiveCfg = Debug|Any CPU
		{1BB17517-37AE-4540-BCCF-4638C35AB5E1}.Debug|Any CPU.Build.0 = Debug|Any CPU
		{1BB17517-37AE-4540-BCCF-4638C35AB5E1}.Release|Any CPU.ActiveCfg = Release|Any CPU
		{1BB17517-37AE-4540-BCCF-4638C35AB5E1}.Release|Any CPU.Build.0 = Release|Any CPU
		{17752CBE-1827-4D4E-A3C4-802E46BC2662}.Debug|Any CPU.ActiveCfg = Debug|Any CPU
		{17752CBE-1827-4D4E-A3C4-802E46BC2662}.Debug|Any CPU.Build.0 = Debug|Any CPU
		{17752CBE-1827-4D4E-A3C4-802E46BC2662}.Release|Any CPU.ActiveCfg = Release|Any CPU
		{17752CBE-1827-4D4E-A3C4-802E46BC2662}.Release|Any CPU.Build.0 = Release|Any CPU
		{1019AC27-1628-4ED5-B8A9-1A484DBFA380}.Debug|Any CPU.ActiveCfg = Debug|Any CPU
		{1019AC27-1628-4ED5-B8A9-1A484DBFA380}.Debug|Any CPU.Build.0 = Debug|Any CPU
		{1019AC27-1628-4ED5-B8A9-1A484DBFA380}.Release|Any CPU.ActiveCfg = Release|Any CPU
		{1019AC27-1628-4ED5-B8A9-1A484DBFA380}.Release|Any CPU.Build.0 = Release|Any CPU
	EndGlobalSection
	GlobalSection(SolutionProperties) = preSolution
		HideSolutionNode = FALSE
	EndGlobalSection
	GlobalSection(ExtensibilityGlobals) = postSolution
		SolutionGuid = {AD183C87-5F13-43E6-B7B7-555916FA3643}
	EndGlobalSection
EndGlobal
